
Microsoft Visual Studio Solution File, Format Version 12.00
# Visual Studio Version 17
VisualStudioVersion = 17.7.34221.43
MinimumVisualStudioVersion = 10.0.40219.1
Project("{2150E333-8FDC-42A3-9474-1A3956D46DE8}") = "Boostrapper", "Boostrapper", "{02EA681E-C7D8-13C7-8484-4AC65E1B71E8}"
EndProject
Project("{FAE04EC0-301F-11D3-BF4B-00C04F79EFBC}") = "Api", "Api\Api.csproj", "{6541A4E2-1623-4D74-9AE3-B32DDF81C13D}"
EndProject
Project("{2150E333-8FDC-42A3-9474-1A3956D46DE8}") = "Modules", "Modules", "{147758A1-1D95-4944-B36E-22146107EF73}"
EndProject
Project("{2150E333-8FDC-42A3-9474-1A3956D46DE8}") = "Shared", "Shared", "{FBA76D51-0CDC-49C8-BF67-5505E14C1A09}"
EndProject
Project("{2150E333-8FDC-42A3-9474-1A3956D46DE8}") = "Catalog", "Catalog", "{A4385B83-E0FB-4C94-94F8-9BBE42270B85}"
EndProject
Project("{2150E333-8FDC-42A3-9474-1A3956D46DE8}") = "Basket", "Basket", "{541830A3-C95F-4E80-A694-DA8C1CEFD6E8}"
EndProject
Project("{2150E333-8FDC-42A3-9474-1A3956D46DE8}") = "Ordering", "Ordering", "{B50EF8DC-A44B-4434-95DC-444F88E71C95}"
EndProject
Project("{FAE04EC0-301F-11D3-BF4B-00C04F79EFBC}") = "Catalog", "Modules\Catalog\Catalog\Catalog.csproj", "{6C371D93-0AC9-4D01-A28D-AE5DF3CA29B5}"
EndProject
Project("{FAE04EC0-301F-11D3-BF4B-00C04F79EFBC}") = "Basket", "Modules\Basket\Basket\Basket.csproj", "{F5E51E17-6E38-45A3-9F70-EC16362A47EC}"
EndProject
Project("{FAE04EC0-301F-11D3-BF4B-00C04F79EFBC}") = "Ordering", "Modules\Ordering\Ordering\Ordering.csproj", "{28FF3D68-8FE3-400B-8F6F-5A95FC4286F5}"
EndProject
Project("{FAE04EC0-301F-11D3-BF4B-00C04F79EFBC}") = "Shared", "Shared\Shared\Shared.csproj", "{7516E35E-067B-43FE-BA53-BCCA737736DA}"
EndProject
Global
	GlobalSection(SolutionConfigurationPlatforms) = preSolution
		Debug|Any CPU = Debug|Any CPU
		Release|Any CPU = Release|Any CPU
	EndGlobalSection
	GlobalSection(ProjectConfigurationPlatforms) = postSolution
		{6541A4E2-1623-4D74-9AE3-B32DDF81C13D}.Debug|Any CPU.ActiveCfg = Debug|Any CPU
		{6541A4E2-1623-4D74-9AE3-B32DDF81C13D}.Debug|Any CPU.Build.0 = Debug|Any CPU
		{6541A4E2-1623-4D74-9AE3-B32DDF81C13D}.Release|Any CPU.ActiveCfg = Release|Any CPU
		{6541A4E2-1623-4D74-9AE3-B32DDF81C13D}.Release|Any CPU.Build.0 = Release|Any CPU
		{6C371D93-0AC9-4D01-A28D-AE5DF3CA29B5}.Debug|Any CPU.ActiveCfg = Debug|Any CPU
		{6C371D93-0AC9-4D01-A28D-AE5DF3CA29B5}.Debug|Any CPU.Build.0 = Debug|Any CPU
		{6C371D93-0AC9-4D01-A28D-AE5DF3CA29B5}.Release|Any CPU.ActiveCfg = Release|Any CPU
		{6C371D93-0AC9-4D01-A28D-AE5DF3CA29B5}.Release|Any CPU.Build.0 = Release|Any CPU
		{F5E51E17-6E38-45A3-9F70-EC16362A47EC}.Debug|Any CPU.ActiveCfg = Debug|Any CPU
		{F5E51E17-6E38-45A3-9F70-EC16362A47EC}.Debug|Any CPU.Build.0 = Debug|Any CPU
		{F5E51E17-6E38-45A3-9F70-EC16362A47EC}.Release|Any CPU.ActiveCfg = Release|Any CPU
		{F5E51E17-6E38-45A3-9F70-EC16362A47EC}.Release|Any CPU.Build.0 = Release|Any CPU
		{28FF3D68-8FE3-400B-8F6F-5A95FC4286F5}.Debug|Any CPU.ActiveCfg = Debug|Any CPU
		{28FF3D68-8FE3-400B-8F6F-5A95FC4286F5}.Debug|Any CPU.Build.0 = Debug|Any CPU
		{28FF3D68-8FE3-400B-8F6F-5A95FC4286F5}.Release|Any CPU.ActiveCfg = Release|Any CPU
		{28FF3D68-8FE3-400B-8F6F-5A95FC4286F5}.Release|Any CPU.Build.0 = Release|Any CPU
		{7516E35E-067B-43FE-BA53-BCCA737736DA}.Debug|Any CPU.ActiveCfg = Debug|Any CPU
		{7516E35E-067B-43FE-BA53-BCCA737736DA}.Debug|Any CPU.Build.0 = Debug|Any CPU
		{7516E35E-067B-43FE-BA53-BCCA737736DA}.Release|Any CPU.ActiveCfg = Release|Any CPU
		{7516E35E-067B-43FE-BA53-BCCA737736DA}.Release|Any CPU.Build.0 = Release|Any CPU
	EndGlobalSection
	GlobalSection(SolutionProperties) = preSolution
		HideSolutionNode = FALSE
	EndGlobalSection
	GlobalSection(NestedProjects) = preSolution
		{6541A4E2-1623-4D74-9AE3-B32DDF81C13D} = {02EA681E-C7D8-13C7-8484-4AC65E1B71E8}
		{A4385B83-E0FB-4C94-94F8-9BBE42270B85} = {147758A1-1D95-4944-B36E-22146107EF73}
		{541830A3-C95F-4E80-A694-DA8C1CEFD6E8} = {147758A1-1D95-4944-B36E-22146107EF73}
		{B50EF8DC-A44B-4434-95DC-444F88E71C95} = {147758A1-1D95-4944-B36E-22146107EF73}
		{6C371D93-0AC9-4D01-A28D-AE5DF3CA29B5} = {A4385B83-E0FB-4C94-94F8-9BBE42270B85}
		{F5E51E17-6E38-45A3-9F70-EC16362A47EC} = {541830A3-C95F-4E80-A694-DA8C1CEFD6E8}
		{28FF3D68-8FE3-400B-8F6F-5A95FC4286F5} = {B50EF8DC-A44B-4434-95DC-444F88E71C95}
		{7516E35E-067B-43FE-BA53-BCCA737736DA} = {FBA76D51-0CDC-49C8-BF67-5505E14C1A09}
	EndGlobalSection
	GlobalSection(ExtensibilityGlobals) = postSolution
		SolutionGuid = {FD9ACD60-04C1-4167-831D-CEF9388FFC2E}
	EndGlobalSection
EndGlobal
